
Microsoft Visual Studio Solution File, Format Version 12.00
# Visual Studio 2013
VisualStudioVersion = 12.0.31101.0
MinimumVisualStudioVersion = 10.0.40219.1
Project("{FAE04EC0-301F-11D3-BF4B-00C04F79EFBC}") = "BotSuite", "BotSuite\BotSuite.csproj", "{998E32C7-3B12-43EB-B149-9CEFBBF1C9F3}"
EndProject
Project("{2150E333-8FDC-42A3-9474-1A3956D46DE8}") = "Solution Items", "Solution Items", "{34AF43AF-CC7A-4863-BC24-D8813704F774}"
	ProjectSection(SolutionItems) = preProject
		license = license
		README.md = README.md
	EndProjectSection
EndProject
Project("{2150E333-8FDC-42A3-9474-1A3956D46DE8}") = "BotSuite.NET Wiki", "BotSuite.NET Wiki", "{EB737464-0254-46C1-ADCF-1F5696BF8A67}"
	ProjectSection(SolutionItems) = preProject
		..\BotSuite.NET Wiki\Home.md = ..\BotSuite.NET Wiki\Home.md
		..\BotSuite.NET Wiki\license.md = ..\BotSuite.NET Wiki\license.md
	EndProjectSection
EndProject
Project("{FAE04EC0-301F-11D3-BF4B-00C04F79EFBC}") = "BotSuite.Tests", "BotSuite.Tests\BotSuite.Tests.csproj", "{C192109D-F82F-4599-A1AD-AC7E45A8E1BD}"
EndProject
Global
	GlobalSection(SolutionConfigurationPlatforms) = preSolution
		Debug|Any CPU = Debug|Any CPU
		Release|Any CPU = Release|Any CPU
	EndGlobalSection
	GlobalSection(ProjectConfigurationPlatforms) = postSolution
		{998E32C7-3B12-43EB-B149-9CEFBBF1C9F3}.Debug|Any CPU.ActiveCfg = Debug|Any CPU
		{998E32C7-3B12-43EB-B149-9CEFBBF1C9F3}.Debug|Any CPU.Build.0 = Debug|Any CPU
		{998E32C7-3B12-43EB-B149-9CEFBBF1C9F3}.Release|Any CPU.ActiveCfg = Release|Any CPU
		{998E32C7-3B12-43EB-B149-9CEFBBF1C9F3}.Release|Any CPU.Build.0 = Release|Any CPU
		{C192109D-F82F-4599-A1AD-AC7E45A8E1BD}.Debug|Any CPU.ActiveCfg = Debug|Any CPU
		{C192109D-F82F-4599-A1AD-AC7E45A8E1BD}.Debug|Any CPU.Build.0 = Debug|Any CPU
		{C192109D-F82F-4599-A1AD-AC7E45A8E1BD}.Release|Any CPU.ActiveCfg = Release|Any CPU
		{C192109D-F82F-4599-A1AD-AC7E45A8E1BD}.Release|Any CPU.Build.0 = Release|Any CPU
	EndGlobalSection
	GlobalSection(SolutionProperties) = preSolution
		HideSolutionNode = FALSE
	EndGlobalSection
EndGlobal
