
Microsoft Visual Studio Solution File, Format Version 11.00
# Visual Studio 2010
Project("{FAE04EC0-301F-11D3-BF4B-00C04F79EFBC}") = "BotSuite", "Wieschoo.BotSuite\Wieschoo.BotSuite.csproj", "{998E32C7-3B12-43EB-B149-9CEFBBF1C9F3}"
EndProject
Global
	GlobalSection(SolutionConfigurationPlatforms) = preSolution
		Debug|Any CPU = Debug|Any CPU
		Release|Any CPU = Release|Any CPU
	EndGlobalSection
	GlobalSection(ProjectConfigurationPlatforms) = postSolution
		{998E32C7-3B12-43EB-B149-9CEFBBF1C9F3}.Debug|Any CPU.ActiveCfg = Debug|Any CPU
		{998E32C7-3B12-43EB-B149-9CEFBBF1C9F3}.Debug|Any CPU.Build.0 = Debug|Any CPU
		{998E32C7-3B12-43EB-B149-9CEFBBF1C9F3}.Release|Any CPU.ActiveCfg = Release|Any CPU
		{998E32C7-3B12-43EB-B149-9CEFBBF1C9F3}.Release|Any CPU.Build.0 = Release|Any CPU
	EndGlobalSection
	GlobalSection(SolutionProperties) = preSolution
		HideSolutionNode = FALSE
	EndGlobalSection
EndGlobal
